{
  "name": "cdk",
  "version": "0.1.0",
  "lockfileVersion": 1,
  "requires": true,
  "dependencies": {
    "@aws-cdk/asset-awscli-v1": {
      "version": "2.2.74",
      "resolved": "https://registry.npmjs.org/@aws-cdk/asset-awscli-v1/-/asset-awscli-v1-2.2.74.tgz",
      "integrity": "sha512-YoLl74xG1q5byb7iY2enz809j9Vc4aAAe+w0OsGZdRPR1iXipnPXLGGJxiM3uCB8UNIfqzs+gw8HMU9tECsBVA=="
    },
    "@aws-cdk/asset-kubectl-v20": {
      "version": "2.1.1",
      "resolved": "https://registry.npmjs.org/@aws-cdk/asset-kubectl-v20/-/asset-kubectl-v20-2.1.1.tgz",
      "integrity": "sha512-U1ntiX8XiMRRRH5J1IdC+1t5CE89015cwyt5U63Cpk0GnMlN5+h9WsWMlKlPXZR4rdq/m806JRlBMRpBUB2Dhw=="
    },
    "@aws-cdk/asset-node-proxy-agent-v5": {
      "version": "2.0.63",
      "resolved": "https://registry.npmjs.org/@aws-cdk/asset-node-proxy-agent-v5/-/asset-node-proxy-agent-v5-2.0.63.tgz",
      "integrity": "sha512-2FC27PQC6Twy9MIVGhb44F2JuWgyF+cwWBbpB/sbVAFY72RmYA3GmDJpvjjrWBsXjPVZ+sUq9e2wn9/V15mh6g=="
    },
    "@aws-cdk/assets": {
      "version": "1.16.2",
      "resolved": "https://registry.npmjs.org/@aws-cdk/assets/-/assets-1.16.2.tgz",
      "integrity": "sha512-kRglNW1WsQ6tXLNHj7wRxrkKLQd2EjlNmZx/uyfxzp3LTkZM4r0d2B4E1yqNKl9xXIhrM8fyhf8Qfcy/Q1vt/A==",
      "requires": {
        "@aws-cdk/core": "1.16.2",
        "@aws-cdk/cx-api": "1.16.2",
        "minimatch": "^3.0.4"
      },
      "dependencies": {
        "balanced-match": {
          "version": "1.0.0",
          "bundled": true
        },
        "brace-expansion": {
          "version": "1.1.11",
          "bundled": true,
          "requires": {
            "balanced-match": "^1.0.0",
            "concat-map": "0.0.1"
          }
        },
        "concat-map": {
          "version": "0.0.1",
          "bundled": true
        },
        "minimatch": {
          "version": "3.0.4",
          "bundled": true,
          "requires": {
            "brace-expansion": "^1.1.7"
          }
        }
      }
    },
    "@aws-cdk/aws-cloudwatch": {
      "version": "1.16.2",
      "resolved": "https://registry.npmjs.org/@aws-cdk/aws-cloudwatch/-/aws-cloudwatch-1.16.2.tgz",
      "integrity": "sha512-SDiO0KTbDYJg09GBXtQVPIwRjC89qt03ZWM/ff2IfHwvxjkK5YVTax4JpKzd6aqinHWjlruhK07O5rtm3Qy9qw==",
      "requires": {
        "@aws-cdk/aws-iam": "1.16.2",
        "@aws-cdk/core": "1.16.2"
      }
    },
    "@aws-cdk/aws-ec2": {
      "version": "1.193.0",
      "resolved": "https://registry.npmjs.org/@aws-cdk/aws-ec2/-/aws-ec2-1.193.0.tgz",
      "integrity": "sha512-ud9CI3XrsOTQ4OsOxnZdSvPwKSD3Gu5gEVACw/H0ACqDewy64BJOCU7HBHIlf94pVpQCcMyomgKyGIzMgV6nWQ==",
      "requires": {
        "@aws-cdk/aws-cloudwatch": "1.193.0",
        "@aws-cdk/aws-iam": "1.193.0",
        "@aws-cdk/aws-kms": "1.193.0",
        "@aws-cdk/aws-logs": "1.193.0",
        "@aws-cdk/aws-s3": "1.193.0",
        "@aws-cdk/aws-s3-assets": "1.193.0",
        "@aws-cdk/aws-ssm": "1.193.0",
        "@aws-cdk/cloud-assembly-schema": "1.193.0",
        "@aws-cdk/core": "1.193.0",
        "@aws-cdk/cx-api": "1.193.0",
        "@aws-cdk/region-info": "1.193.0",
        "constructs": "^3.3.69"
      },
      "dependencies": {
        "@aws-cdk/assets": {
          "version": "1.193.0",
          "resolved": "https://registry.npmjs.org/@aws-cdk/assets/-/assets-1.193.0.tgz",
          "integrity": "sha512-AfuwR+KktVc7gwCS1mBl8+xEY3PhHj2hyjC0DpQ3+n/eqnmeQUeg/PAO58EvuqJIAdEC1sLQPuXfb2cwpiV33Q==",
          "requires": {
            "@aws-cdk/core": "1.193.0",
            "@aws-cdk/cx-api": "1.193.0",
            "constructs": "^3.3.69"
          }
        },
        "@aws-cdk/aws-cloudwatch": {
          "version": "1.193.0",
          "resolved": "https://registry.npmjs.org/@aws-cdk/aws-cloudwatch/-/aws-cloudwatch-1.193.0.tgz",
          "integrity": "sha512-HqEqpHGOJGbTyTxdxZFuW4aQvxsonTKLb0aLI3Kc6ahueP7VX9CFfoOeVSffXMJja6fmT7GmNhB5iSJLcimtiQ==",
          "requires": {
            "@aws-cdk/aws-iam": "1.193.0",
            "@aws-cdk/core": "1.193.0",
            "constructs": "^3.3.69"
          }
        },
        "@aws-cdk/aws-events": {
          "version": "1.193.0",
          "resolved": "https://registry.npmjs.org/@aws-cdk/aws-events/-/aws-events-1.193.0.tgz",
          "integrity": "sha512-KwXni6KlZ9pcdrPXNZtZq3TfLnoarH2EeXAYDg4Igagxe4pVPrdieu8NqoK5M7EctbXRuluOGtZ+KJ4NqeGUcw==",
          "requires": {
            "@aws-cdk/aws-iam": "1.193.0",
            "@aws-cdk/core": "1.193.0",
            "constructs": "^3.3.69"
          }
        },
        "@aws-cdk/aws-iam": {
          "version": "1.193.0",
          "resolved": "https://registry.npmjs.org/@aws-cdk/aws-iam/-/aws-iam-1.193.0.tgz",
          "integrity": "sha512-lNeQ+1c2vSzharHFl7d8dZQ1C0q7SZZeBkEJHmMIRCJ5MBQLDk00UD3QvZJM+yMnIZ2hFFvhW30I4LKlcr3Tsg==",
          "requires": {
            "@aws-cdk/core": "1.193.0",
            "@aws-cdk/cx-api": "1.193.0",
            "@aws-cdk/region-info": "1.193.0",
            "constructs": "^3.3.69"
          }
        },
        "@aws-cdk/aws-kms": {
          "version": "1.193.0",
          "resolved": "https://registry.npmjs.org/@aws-cdk/aws-kms/-/aws-kms-1.193.0.tgz",
          "integrity": "sha512-BYJeFn9kAfi+nPKU+ZB8k37A9VrUQHKccIJ/kDbGIBj4fv0jun8yor+1mBFKHiNpFAaEUQpF1WvBMrjc5nplOw==",
          "requires": {
            "@aws-cdk/aws-iam": "1.193.0",
            "@aws-cdk/cloud-assembly-schema": "1.193.0",
            "@aws-cdk/core": "1.193.0",
            "@aws-cdk/cx-api": "1.193.0",
            "constructs": "^3.3.69"
          }
        },
        "@aws-cdk/aws-logs": {
          "version": "1.193.0",
          "resolved": "https://registry.npmjs.org/@aws-cdk/aws-logs/-/aws-logs-1.193.0.tgz",
          "integrity": "sha512-+v1T77+Z5O7ufjD8FYJrg6MQZQT0KdICjwcVq6ViZonw3ZK5MMoNExkWJy+9BDtkG0+ePsWrQ9VopqqMd4LldA==",
          "requires": {
            "@aws-cdk/aws-cloudwatch": "1.193.0",
            "@aws-cdk/aws-iam": "1.193.0",
            "@aws-cdk/aws-kms": "1.193.0",
            "@aws-cdk/aws-s3-assets": "1.193.0",
            "@aws-cdk/core": "1.193.0",
            "@aws-cdk/cx-api": "1.193.0",
            "constructs": "^3.3.69"
          }
        },
        "@aws-cdk/aws-s3": {
          "version": "1.193.0",
          "resolved": "https://registry.npmjs.org/@aws-cdk/aws-s3/-/aws-s3-1.193.0.tgz",
          "integrity": "sha512-i1z/b7UIHJgy0phECPy+WWSXc1TyHB/DTpsmYSL4Q7EXi0iEEQVublzApJh3s5x8ISLTS4oMdN6CNm2JcfEUKQ==",
          "requires": {
            "@aws-cdk/aws-events": "1.193.0",
            "@aws-cdk/aws-iam": "1.193.0",
            "@aws-cdk/aws-kms": "1.193.0",
            "@aws-cdk/core": "1.193.0",
            "@aws-cdk/cx-api": "1.193.0",
            "constructs": "^3.3.69"
          }
        },
        "@aws-cdk/aws-s3-assets": {
          "version": "1.193.0",
          "resolved": "https://registry.npmjs.org/@aws-cdk/aws-s3-assets/-/aws-s3-assets-1.193.0.tgz",
          "integrity": "sha512-yaia1ZzRS+13gIMqCAw2fORCJTti3qaLhPIIpltFv3pt/QRiJCMxAcNEOBWICngojDwHTG4guLu3aSCU6IS6QA==",
          "requires": {
            "@aws-cdk/assets": "1.193.0",
            "@aws-cdk/aws-iam": "1.193.0",
            "@aws-cdk/aws-kms": "1.193.0",
            "@aws-cdk/aws-s3": "1.193.0",
            "@aws-cdk/core": "1.193.0",
            "@aws-cdk/cx-api": "1.193.0",
            "constructs": "^3.3.69"
          }
        },
        "@aws-cdk/core": {
          "version": "1.193.0",
          "resolved": "https://registry.npmjs.org/@aws-cdk/core/-/core-1.193.0.tgz",
          "integrity": "sha512-n9lLcW/6S3V9sqcPiUF4hSqfS5v4MWUx4htMv0HG7wd1SGdkKcusggO6ihmgm+ETYkWo+xwtN94q//mIsIW37Q==",
          "requires": {
            "@aws-cdk/cloud-assembly-schema": "1.193.0",
            "@aws-cdk/cx-api": "1.193.0",
            "@aws-cdk/region-info": "1.193.0",
            "@balena/dockerignore": "^1.0.2",
            "constructs": "^3.3.69",
            "fs-extra": "^9.1.0",
            "ignore": "^5.2.4",
            "minimatch": "^3.1.2"
          },
          "dependencies": {
            "@balena/dockerignore": {
              "version": "1.0.2",
              "bundled": true
            },
            "at-least-node": {
              "version": "1.0.0",
              "bundled": true
            },
            "balanced-match": {
              "version": "1.0.2",
              "bundled": true
            },
            "brace-expansion": {
              "version": "1.1.11",
              "bundled": true,
              "requires": {
                "balanced-match": "^1.0.0",
                "concat-map": "0.0.1"
              }
            },
            "concat-map": {
              "version": "0.0.1",
              "bundled": true
            },
            "fs-extra": {
              "version": "9.1.0",
              "bundled": true,
              "requires": {
                "at-least-node": "^1.0.0",
                "graceful-fs": "^4.2.0",
                "jsonfile": "^6.0.1",
                "universalify": "^2.0.0"
              }
            },
            "graceful-fs": {
              "version": "4.2.10",
              "bundled": true
            },
            "ignore": {
              "version": "5.2.4",
              "bundled": true
            },
            "jsonfile": {
              "version": "6.1.0",
              "bundled": true,
              "requires": {
                "graceful-fs": "^4.1.6",
                "universalify": "^2.0.0"
              }
            },
            "minimatch": {
              "version": "3.1.2",
              "bundled": true,
              "requires": {
                "brace-expansion": "^1.1.7"
              }
            },
            "universalify": {
              "version": "2.0.0",
              "bundled": true
            }
          }
        },
        "@aws-cdk/cx-api": {
          "version": "1.193.0",
          "resolved": "https://registry.npmjs.org/@aws-cdk/cx-api/-/cx-api-1.193.0.tgz",
          "integrity": "sha512-VhnzowvsdjoCpOWpY246VJ0hpjxnDP3sq8Q7+hfJ4K8GJ3rkWiMPXJXuAk5Kw6vu5BYf51gpXnNeMgT/Ar8M4Q==",
          "requires": {
            "@aws-cdk/cloud-assembly-schema": "1.193.0",
            "semver": "^7.3.8"
          },
          "dependencies": {
            "lru-cache": {
              "version": "6.0.0",
              "bundled": true,
              "requires": {
                "yallist": "^4.0.0"
              }
            },
            "semver": {
              "version": "7.3.8",
              "bundled": true,
              "requires": {
                "lru-cache": "^6.0.0"
              }
            },
            "yallist": {
              "version": "4.0.0",
              "bundled": true
            }
          }
        },
        "@aws-cdk/region-info": {
          "version": "1.193.0",
          "resolved": "https://registry.npmjs.org/@aws-cdk/region-info/-/region-info-1.193.0.tgz",
          "integrity": "sha512-GoNsX6LrwMN+lMyi7TnXkQMvQcjFKxkm35l4HoIHtUxrpjtIBV7Y2mcu7z+swv7VCJvXsFvjoSNEbRARQ9J7bw=="
        },
        "constructs": {
          "version": "3.4.251",
          "resolved": "https://registry.npmjs.org/constructs/-/constructs-3.4.251.tgz",
          "integrity": "sha512-OcNfX1ozwC83W+VVYqDpsanhgpj7skMvUKGCLO6PLTrUsLQ+lLujdNjnhU5uH8VBanfLkbYywbgOYAFfaF0Y7g=="
        }
      }
    },
    "@aws-cdk/aws-events": {
      "version": "1.16.2",
      "resolved": "https://registry.npmjs.org/@aws-cdk/aws-events/-/aws-events-1.16.2.tgz",
      "integrity": "sha512-8MOPFZDF0CQBbdHqtjNxoV6PJjQf3kZ2Iaf9FtydoKGagAa2lvcI2kHlio1FgU8sSeMC2URWtJhe6rDw5Hm5tQ==",
      "requires": {
        "@aws-cdk/aws-iam": "1.16.2",
        "@aws-cdk/core": "1.16.2"
      }
    },
    "@aws-cdk/aws-iam": {
      "version": "1.16.2",
      "resolved": "https://registry.npmjs.org/@aws-cdk/aws-iam/-/aws-iam-1.16.2.tgz",
      "integrity": "sha512-iCBBzhvwgDOeZr7WpwgVBVehEt1oEKARMfateuv4crp2xRei3mccnlZlv8UgccvhxEPgzU2Vif9YpPy1Er8vdA==",
      "requires": {
        "@aws-cdk/core": "1.16.2",
        "@aws-cdk/region-info": "1.16.2"
      }
    },
    "@aws-cdk/aws-kms": {
      "version": "1.16.2",
      "resolved": "https://registry.npmjs.org/@aws-cdk/aws-kms/-/aws-kms-1.16.2.tgz",
      "integrity": "sha512-IcPEHk4MDO3pgegjBoM5UOQJsOIjGnBcS71qs3p1UfWyoYIE2ET1Hxdm2ONEyhA8qrgU4ZlRWaI6ftZfhVIayw==",
      "requires": {
        "@aws-cdk/aws-iam": "1.16.2",
        "@aws-cdk/core": "1.16.2"
      }
    },
    "@aws-cdk/aws-lambda": {
      "version": "1.16.2",
      "resolved": "https://registry.npmjs.org/@aws-cdk/aws-lambda/-/aws-lambda-1.16.2.tgz",
      "integrity": "sha512-z9I2qbGTyMh+gz23mSGpMua5u9qnCq1K2na0YaPeLWvDku0UPc43oFY/XECcpt1zKfEMBUNx7aB4bc30uPBXvA==",
      "requires": {
        "@aws-cdk/aws-cloudwatch": "1.16.2",
        "@aws-cdk/aws-ec2": "1.16.2",
        "@aws-cdk/aws-events": "1.16.2",
        "@aws-cdk/aws-iam": "1.16.2",
        "@aws-cdk/aws-logs": "1.16.2",
        "@aws-cdk/aws-s3": "1.16.2",
        "@aws-cdk/aws-s3-assets": "1.16.2",
        "@aws-cdk/aws-sqs": "1.16.2",
        "@aws-cdk/core": "1.16.2",
        "@aws-cdk/cx-api": "1.16.2"
      },
      "dependencies": {
        "@aws-cdk/aws-ec2": {
          "version": "1.16.2",
          "resolved": "https://registry.npmjs.org/@aws-cdk/aws-ec2/-/aws-ec2-1.16.2.tgz",
          "integrity": "sha512-/3MwRE42gzBZhe0ijcgu8g43z8dtC1bX4xYXatH9MbnuCLuL+JVigAo1BwqlYyiPYb7AtyWkJYtVsy9YssCJMA==",
          "requires": {
            "@aws-cdk/aws-cloudwatch": "1.16.2",
            "@aws-cdk/aws-iam": "1.16.2",
            "@aws-cdk/aws-ssm": "1.16.2",
            "@aws-cdk/core": "1.16.2",
            "@aws-cdk/cx-api": "1.16.2"
          }
        },
        "@aws-cdk/aws-ssm": {
          "version": "1.16.2",
          "resolved": "https://registry.npmjs.org/@aws-cdk/aws-ssm/-/aws-ssm-1.16.2.tgz",
          "integrity": "sha512-PEmEBbWxPgMwuJlMb6ZeogultbYliTx8zkejXNhAnzB2+s6+bypLe/VYyLS5Oz5m8Hlyo5uyFO7BBg9uIE6Eug==",
          "requires": {
            "@aws-cdk/aws-iam": "1.16.2",
            "@aws-cdk/aws-kms": "1.16.2",
            "@aws-cdk/core": "1.16.2",
            "@aws-cdk/cx-api": "1.16.2"
          }
        }
      }
    },
    "@aws-cdk/aws-logs": {
      "version": "1.16.2",
      "resolved": "https://registry.npmjs.org/@aws-cdk/aws-logs/-/aws-logs-1.16.2.tgz",
      "integrity": "sha512-iir2d2LBPfuVsDoEmyGOhg1UTmi1kk0wGd+sdxdSZeF9j/k7Gbk7Jmhj1FuNv9WHztQ0S8yGAwLeTOdryy94uw==",
      "requires": {
        "@aws-cdk/aws-cloudwatch": "1.16.2",
        "@aws-cdk/aws-iam": "1.16.2",
        "@aws-cdk/core": "1.16.2"
      }
    },
    "@aws-cdk/aws-s3": {
      "version": "1.16.2",
      "resolved": "https://registry.npmjs.org/@aws-cdk/aws-s3/-/aws-s3-1.16.2.tgz",
      "integrity": "sha512-oFX8VJmMszO7/sr2UYnTlPEseJfow8e2prQ/TD8IjknhN7tQ4ksOdejGD3Yy2Tx0Uh8Vm5VYZZzXSnKVS5eABA==",
      "requires": {
        "@aws-cdk/aws-events": "1.16.2",
        "@aws-cdk/aws-iam": "1.16.2",
        "@aws-cdk/aws-kms": "1.16.2",
        "@aws-cdk/core": "1.16.2"
      }
    },
    "@aws-cdk/aws-s3-assets": {
      "version": "1.16.2",
      "resolved": "https://registry.npmjs.org/@aws-cdk/aws-s3-assets/-/aws-s3-assets-1.16.2.tgz",
      "integrity": "sha512-iidOZ2LzrMR0JebuGvce8ftRLN/eTkutcBvd5NAeWX6N0r4sFI76/viQ99GuFOaEQXl8GQHAiSoDy8/5qlUWmQ==",
      "requires": {
        "@aws-cdk/assets": "1.16.2",
        "@aws-cdk/aws-iam": "1.16.2",
        "@aws-cdk/aws-s3": "1.16.2",
        "@aws-cdk/core": "1.16.2",
        "@aws-cdk/cx-api": "1.16.2"
      }
    },
    "@aws-cdk/aws-sqs": {
      "version": "1.16.2",
      "resolved": "https://registry.npmjs.org/@aws-cdk/aws-sqs/-/aws-sqs-1.16.2.tgz",
      "integrity": "sha512-3U3WzJfgP+deNS1ZId1GwQCP+LjBbuJgtzWJ5RrdyZfgesxJxAV0dpFqimBPXTYjpyqFeK/Z/7gwx3w580xGDA==",
      "requires": {
        "@aws-cdk/aws-cloudwatch": "1.16.2",
        "@aws-cdk/aws-iam": "1.16.2",
        "@aws-cdk/aws-kms": "1.16.2",
        "@aws-cdk/core": "1.16.2"
      }
    },
    "@aws-cdk/aws-ssm": {
      "version": "1.193.0",
      "resolved": "https://registry.npmjs.org/@aws-cdk/aws-ssm/-/aws-ssm-1.193.0.tgz",
      "integrity": "sha512-eVfCgNf3GUkvpr9BDNaNYgUtE6Q6kERu1oXyfW2ps3I3GKu2LZ9KuR8PwR0F4/OzpAsJ2C5TuytiPJd4hshB/g==",
      "requires": {
        "@aws-cdk/aws-iam": "1.193.0",
        "@aws-cdk/aws-kms": "1.193.0",
        "@aws-cdk/cloud-assembly-schema": "1.193.0",
        "@aws-cdk/core": "1.193.0",
        "constructs": "^3.3.69"
      },
      "dependencies": {
        "@aws-cdk/aws-iam": {
          "version": "1.193.0",
          "resolved": "https://registry.npmjs.org/@aws-cdk/aws-iam/-/aws-iam-1.193.0.tgz",
          "integrity": "sha512-lNeQ+1c2vSzharHFl7d8dZQ1C0q7SZZeBkEJHmMIRCJ5MBQLDk00UD3QvZJM+yMnIZ2hFFvhW30I4LKlcr3Tsg==",
          "requires": {
            "@aws-cdk/core": "1.193.0",
            "@aws-cdk/cx-api": "1.193.0",
            "@aws-cdk/region-info": "1.193.0",
            "constructs": "^3.3.69"
          }
        },
        "@aws-cdk/aws-kms": {
          "version": "1.193.0",
          "resolved": "https://registry.npmjs.org/@aws-cdk/aws-kms/-/aws-kms-1.193.0.tgz",
          "integrity": "sha512-BYJeFn9kAfi+nPKU+ZB8k37A9VrUQHKccIJ/kDbGIBj4fv0jun8yor+1mBFKHiNpFAaEUQpF1WvBMrjc5nplOw==",
          "requires": {
            "@aws-cdk/aws-iam": "1.193.0",
            "@aws-cdk/cloud-assembly-schema": "1.193.0",
            "@aws-cdk/core": "1.193.0",
            "@aws-cdk/cx-api": "1.193.0",
            "constructs": "^3.3.69"
          }
        },
        "@aws-cdk/core": {
          "version": "1.193.0",
          "resolved": "https://registry.npmjs.org/@aws-cdk/core/-/core-1.193.0.tgz",
          "integrity": "sha512-n9lLcW/6S3V9sqcPiUF4hSqfS5v4MWUx4htMv0HG7wd1SGdkKcusggO6ihmgm+ETYkWo+xwtN94q//mIsIW37Q==",
          "requires": {
            "@aws-cdk/cloud-assembly-schema": "1.193.0",
            "@aws-cdk/cx-api": "1.193.0",
            "@aws-cdk/region-info": "1.193.0",
            "@balena/dockerignore": "^1.0.2",
            "constructs": "^3.3.69",
            "fs-extra": "^9.1.0",
            "ignore": "^5.2.4",
            "minimatch": "^3.1.2"
          },
          "dependencies": {
            "@balena/dockerignore": {
              "version": "1.0.2",
              "bundled": true
            },
            "at-least-node": {
              "version": "1.0.0",
              "bundled": true
            },
            "balanced-match": {
              "version": "1.0.2",
              "bundled": true
            },
            "brace-expansion": {
              "version": "1.1.11",
              "bundled": true,
              "requires": {
                "balanced-match": "^1.0.0",
                "concat-map": "0.0.1"
              }
            },
            "concat-map": {
              "version": "0.0.1",
              "bundled": true
            },
            "fs-extra": {
              "version": "9.1.0",
              "bundled": true,
              "requires": {
                "at-least-node": "^1.0.0",
                "graceful-fs": "^4.2.0",
                "jsonfile": "^6.0.1",
                "universalify": "^2.0.0"
              }
            },
            "graceful-fs": {
              "version": "4.2.10",
              "bundled": true
            },
            "ignore": {
              "version": "5.2.4",
              "bundled": true
            },
            "jsonfile": {
              "version": "6.1.0",
              "bundled": true,
              "requires": {
                "graceful-fs": "^4.1.6",
                "universalify": "^2.0.0"
              }
            },
            "minimatch": {
              "version": "3.1.2",
              "bundled": true,
              "requires": {
                "brace-expansion": "^1.1.7"
              }
            },
            "universalify": {
              "version": "2.0.0",
              "bundled": true
            }
          }
        },
        "@aws-cdk/cx-api": {
          "version": "1.193.0",
          "resolved": "https://registry.npmjs.org/@aws-cdk/cx-api/-/cx-api-1.193.0.tgz",
          "integrity": "sha512-VhnzowvsdjoCpOWpY246VJ0hpjxnDP3sq8Q7+hfJ4K8GJ3rkWiMPXJXuAk5Kw6vu5BYf51gpXnNeMgT/Ar8M4Q==",
          "requires": {
            "@aws-cdk/cloud-assembly-schema": "1.193.0",
            "semver": "^7.3.8"
          },
          "dependencies": {
            "lru-cache": {
              "version": "6.0.0",
              "bundled": true,
              "requires": {
                "yallist": "^4.0.0"
              }
            },
            "semver": {
              "version": "7.3.8",
              "bundled": true,
              "requires": {
                "lru-cache": "^6.0.0"
              }
            },
            "yallist": {
              "version": "4.0.0",
              "bundled": true
            }
          }
        },
        "@aws-cdk/region-info": {
          "version": "1.193.0",
          "resolved": "https://registry.npmjs.org/@aws-cdk/region-info/-/region-info-1.193.0.tgz",
          "integrity": "sha512-GoNsX6LrwMN+lMyi7TnXkQMvQcjFKxkm35l4HoIHtUxrpjtIBV7Y2mcu7z+swv7VCJvXsFvjoSNEbRARQ9J7bw=="
        },
        "constructs": {
          "version": "3.4.251",
          "resolved": "https://registry.npmjs.org/constructs/-/constructs-3.4.251.tgz",
          "integrity": "sha512-OcNfX1ozwC83W+VVYqDpsanhgpj7skMvUKGCLO6PLTrUsLQ+lLujdNjnhU5uH8VBanfLkbYywbgOYAFfaF0Y7g=="
        }
      }
    },
    "@aws-cdk/cloud-assembly-schema": {
      "version": "1.193.0",
      "resolved": "https://registry.npmjs.org/@aws-cdk/cloud-assembly-schema/-/cloud-assembly-schema-1.193.0.tgz",
      "integrity": "sha512-2Bjnd6nei/ixWHM4CtjWBgMSe8O/9Y78M6zxTT+3aNt1qDlrzIn4ZAs+t0te7oJQgX7ESVvs290HpIQXXom9Ag==",
      "requires": {
        "jsonschema": "^1.4.1",
        "semver": "^7.3.8"
      },
      "dependencies": {
        "jsonschema": {
          "version": "1.4.1",
          "bundled": true
        },
        "lru-cache": {
          "version": "6.0.0",
          "bundled": true,
          "requires": {
            "yallist": "^4.0.0"
          }
        },
        "semver": {
          "version": "7.3.8",
          "bundled": true,
          "requires": {
            "lru-cache": "^6.0.0"
          }
        },
        "yallist": {
          "version": "4.0.0",
          "bundled": true
        }
      }
    },
    "@aws-cdk/core": {
      "version": "1.16.2",
      "resolved": "https://registry.npmjs.org/@aws-cdk/core/-/core-1.16.2.tgz",
      "integrity": "sha512-wmwKm4XrpUYOR/B/TqO5yzDc/aw131Lb07nMsHK5yUIeMqqeY3fxxCpsZLS3NOTgciGdzu7CMJ4TJOb62zlmJg==",
      "requires": {
        "@aws-cdk/cx-api": "1.16.2"
      }
    },
    "@aws-cdk/cx-api": {
      "version": "1.16.2",
      "resolved": "https://registry.npmjs.org/@aws-cdk/cx-api/-/cx-api-1.16.2.tgz",
      "integrity": "sha512-lwV44H8nYy/GpH65L1wFgVUHpa8JXiLS9nxB3iWiyrw53XMy7FIqtvjKhXXXprv9qiTf9EA8d2TM5bIA4GVeuQ==",
      "requires": {
        "semver": "^6.3.0"
      },
      "dependencies": {
        "semver": {
          "version": "6.3.0",
          "bundled": true
        }
      }
    },
    "@aws-cdk/region-info": {
      "version": "1.16.2",
      "resolved": "https://registry.npmjs.org/@aws-cdk/region-info/-/region-info-1.16.2.tgz",
      "integrity": "sha512-gZ98IQNVac5ZO3w7cyM9HtWRUJ3TqGyyZ/xfO56ifsxZfN/kl5dUHFedxfZWvBZo3t4Ofsa+oepTsfjKlWaJ3Q=="
    },
    "@types/node": {
      "version": "12.12.7",
      "resolved": "https://registry.npmjs.org/@types/node/-/node-12.12.7.tgz",
      "integrity": "sha512-E6Zn0rffhgd130zbCbAr/JdXfXkoOUFAKNs/rF8qnafSJ8KYaA/j3oz7dcwal+lYjLA7xvdd5J4wdYpCTlP8+w==",
      "dev": true
    },
    "arg": {
      "version": "4.1.1",
      "resolved": "https://registry.npmjs.org/arg/-/arg-4.1.1.tgz",
      "integrity": "sha512-SlmP3fEA88MBv0PypnXZ8ZfJhwmDeIE3SP71j37AiXQBXYosPV0x6uISAaHYSlSVhmHOVkomen0tbGk6Anlebw==",
      "dev": true
    },
    "available-typed-arrays": {
      "version": "1.0.5",
      "resolved": "https://registry.npmjs.org/available-typed-arrays/-/available-typed-arrays-1.0.5.tgz",
      "integrity": "sha512-DMD0KiN46eipeziST1LPP/STfDU0sufISXmjSgvVsoU2tqxctQeASejWcfNtxYKqETM1UxQ8sp2OrSBWpHY6sw=="
    },
    "aws-cdk": {
      "version": "2.65.0",
      "resolved": "https://registry.npmjs.org/aws-cdk/-/aws-cdk-2.65.0.tgz",
      "integrity": "sha512-a1xtdf95N7MLPcwCs+IkE6kCD1utLMuDh+1RIyYbX7SYzAjlNJzOXQ7M16kBktt4KflVWseZnYsGbKWJ2DraMw==",
      "requires": {
        "fsevents": "2.3.2"
      }
    },
    "aws-cdk-lib": {
      "version": "2.65.0",
      "resolved": "https://registry.npmjs.org/aws-cdk-lib/-/aws-cdk-lib-2.65.0.tgz",
      "integrity": "sha512-yTeBe9+Li8ZHZICJc0y1uarbSruc3KIXP1KC7tjVrkg+ye7EE8eJTZm7+PpJd6O0ciPinn/k/dE9gHwUImygGA==",
      "requires": {
        "@aws-cdk/asset-awscli-v1": "^2.2.65",
        "@aws-cdk/asset-kubectl-v20": "^2.1.1",
        "@aws-cdk/asset-node-proxy-agent-v5": "^2.0.54",
        "@balena/dockerignore": "^1.0.2",
        "case": "1.6.3",
        "fs-extra": "^9.1.0",
        "ignore": "^5.2.4",
        "jsonschema": "^1.4.1",
        "minimatch": "^3.1.2",
        "punycode": "^2.3.0",
        "semver": "^7.3.8",
        "yaml": "1.10.2"
      },
      "dependencies": {
        "@balena/dockerignore": {
          "version": "1.0.2",
          "bundled": true
        },
        "at-least-node": {
          "version": "1.0.0",
          "bundled": true
        },
        "balanced-match": {
          "version": "1.0.2",
          "bundled": true
        },
        "brace-expansion": {
          "version": "1.1.11",
          "bundled": true,
          "requires": {
            "balanced-match": "^1.0.0",
            "concat-map": "0.0.1"
          }
        },
        "case": {
          "version": "1.6.3",
          "bundled": true
        },
        "concat-map": {
          "version": "0.0.1",
          "bundled": true
        },
        "fs-extra": {
          "version": "9.1.0",
          "bundled": true,
          "requires": {
            "at-least-node": "^1.0.0",
            "graceful-fs": "^4.2.0",
            "jsonfile": "^6.0.1",
            "universalify": "^2.0.0"
          }
        },
        "graceful-fs": {
          "version": "4.2.10",
          "bundled": true
        },
        "ignore": {
          "version": "5.2.4",
          "bundled": true
        },
        "jsonfile": {
          "version": "6.1.0",
          "bundled": true,
          "requires": {
            "graceful-fs": "^4.1.6",
            "universalify": "^2.0.0"
          }
        },
        "jsonschema": {
          "version": "1.4.1",
          "bundled": true
        },
        "lru-cache": {
          "version": "6.0.0",
          "bundled": true,
          "requires": {
            "yallist": "^4.0.0"
          }
        },
        "minimatch": {
          "version": "3.1.2",
          "bundled": true,
          "requires": {
            "brace-expansion": "^1.1.7"
          }
        },
        "punycode": {
          "version": "2.3.0",
          "bundled": true
        },
        "semver": {
          "version": "7.3.8",
          "bundled": true,
          "requires": {
            "lru-cache": "^6.0.0"
          }
        },
        "universalify": {
          "version": "2.0.0",
          "bundled": true
        },
        "yallist": {
          "version": "4.0.0",
          "bundled": true
        },
        "yaml": {
          "version": "1.10.2",
          "bundled": true
        }
      }
    },
    "aws-sdk": {
      "version": "2.1319.0",
      "resolved": "https://registry.npmjs.org/aws-sdk/-/aws-sdk-2.1319.0.tgz",
      "integrity": "sha512-/gPCVsCARitph9FmBTXZmzjX0Br8LwBfu2MTNPGjVCiZkEUSoUWAAigIWkvrjTWOXCI7TSElRwtCzlsVHdv5VA==",
      "requires": {
        "buffer": "4.9.2",
        "events": "1.1.1",
        "ieee754": "1.1.13",
        "jmespath": "0.16.0",
        "querystring": "0.2.0",
        "sax": "1.2.1",
        "url": "0.10.3",
        "util": "^0.12.4",
        "uuid": "8.0.0",
        "xml2js": "0.4.19"
      }
    },
    "base64-js": {
      "version": "1.5.1",
      "resolved": "https://registry.npmjs.org/base64-js/-/base64-js-1.5.1.tgz",
      "integrity": "sha512-AKpaYlHn8t4SVbOHCy+b5+KKgvR4vrsD8vbvrbiQJps7fKDTkjkDry6ji0rUJjC0kzbNePLwzxq8iypo41qeWA=="
    },
    "buffer": {
      "version": "4.9.2",
      "resolved": "https://registry.npmjs.org/buffer/-/buffer-4.9.2.tgz",
      "integrity": "sha512-xq+q3SRMOxGivLhBNaUdC64hDTQwejJ+H0T/NB1XMtTVEwNTrfFF3gAxiyW0Bu/xWEGhjVKgUcMhCrUy2+uCWg==",
      "requires": {
        "base64-js": "^1.0.2",
        "ieee754": "^1.1.4",
        "isarray": "^1.0.0"
      }
    },
    "buffer-from": {
      "version": "1.1.1",
      "resolved": "https://registry.npmjs.org/buffer-from/-/buffer-from-1.1.1.tgz",
      "integrity": "sha512-MQcXEUbCKtEo7bhqEs6560Hyd4XaovZlO/k9V3hjVUF/zwW7KBVdSK4gIt/bzwS9MbR5qob+F5jusZsb0YQK2A=="
    },
    "call-bind": {
      "version": "1.0.2",
      "resolved": "https://registry.npmjs.org/call-bind/-/call-bind-1.0.2.tgz",
      "integrity": "sha512-7O+FbCihrB5WGbFYesctwmTKae6rOiIzmz1icreWJ+0aA7LJfuqhEso2T9ncpcFtzMQtzXf2QGGueWJGTYsqrA==",
      "requires": {
        "function-bind": "^1.1.1",
        "get-intrinsic": "^1.0.2"
      }
    },
    "constructs": {
      "version": "10.1.256",
      "resolved": "https://registry.npmjs.org/constructs/-/constructs-10.1.256.tgz",
      "integrity": "sha512-R9mPHqGo+Y2mkaBeQc2+fTC3SZgr8a39tpy3hXT70yvpbxSrTcqPqukksm7ZltDDr2osLjv5Xwt5x/SqjHtATw=="
    },
    "diff": {
      "version": "4.0.1",
      "resolved": "https://registry.npmjs.org/diff/-/diff-4.0.1.tgz",
      "integrity": "sha512-s2+XdvhPCOF01LRQBC8hf4vhbVmI2CGS5aZnxLJlT5FtdhPCDFq80q++zK2KlrVorVDdL5BOGZ/VfLrVtYNF+Q==",
      "dev": true
    },
    "events": {
      "version": "1.1.1",
      "resolved": "https://registry.npmjs.org/events/-/events-1.1.1.tgz",
      "integrity": "sha512-kEcvvCBByWXGnZy6JUlgAp2gBIUjfCAV6P6TgT1/aaQKcmuAEC4OZTV1I4EWQLz2gxZw76atuVyvHhTxvi0Flw=="
    },
    "for-each": {
      "version": "0.3.3",
      "resolved": "https://registry.npmjs.org/for-each/-/for-each-0.3.3.tgz",
      "integrity": "sha512-jqYfLp7mo9vIyQf8ykW2v7A+2N4QjeCeI5+Dz9XraiO1ign81wjiH7Fb9vSOWvQfNtmSa4H2RoQTrrXivdUZmw==",
      "requires": {
        "is-callable": "^1.1.3"
      }
    },
    "fsevents": {
      "version": "2.3.2",
      "resolved": "https://registry.npmjs.org/fsevents/-/fsevents-2.3.2.tgz",
      "integrity": "sha512-xiqMQR4xAeHTuB9uWm+fFRcIOgKBMiOBP+eXiyT7jsgVCq1bkVygt00oASowB7EdtpOHaaPgKt812P9ab+DDKA==",
      "optional": true
    },
    "function-bind": {
      "version": "1.1.1",
      "resolved": "https://registry.npmjs.org/function-bind/-/function-bind-1.1.1.tgz",
      "integrity": "sha512-yIovAzMX49sF8Yl58fSCWJ5svSLuaibPxXQJFLmBObTuCr0Mf1KiPopGM9NiFjiYBCbfaa2Fh6breQ6ANVTI0A=="
    },
    "get-intrinsic": {
      "version": "1.2.0",
      "resolved": "https://registry.npmjs.org/get-intrinsic/-/get-intrinsic-1.2.0.tgz",
      "integrity": "sha512-L049y6nFOuom5wGyRc3/gdTLO94dySVKRACj1RmJZBQXlbTMhtNIgkWkUHq+jYmZvKf14EW1EoJnnjbmoHij0Q==",
      "requires": {
        "function-bind": "^1.1.1",
        "has": "^1.0.3",
        "has-symbols": "^1.0.3"
      }
    },
    "gopd": {
      "version": "1.0.1",
      "resolved": "https://registry.npmjs.org/gopd/-/gopd-1.0.1.tgz",
      "integrity": "sha512-d65bNlIadxvpb/A2abVdlqKqV563juRnZ1Wtk6s1sIR8uNsXR70xqIzVqxVf1eTqDunwT2MkczEeaezCKTZhwA==",
      "requires": {
        "get-intrinsic": "^1.1.3"
      }
    },
    "has": {
      "version": "1.0.3",
      "resolved": "https://registry.npmjs.org/has/-/has-1.0.3.tgz",
      "integrity": "sha512-f2dvO0VU6Oej7RkWJGrehjbzMAjFp5/VKPp5tTpWIV4JHHZK1/BxbFRtf/siA2SWTe09caDmVtYYzWEIbBS4zw==",
      "requires": {
        "function-bind": "^1.1.1"
      }
    },
    "has-symbols": {
      "version": "1.0.3",
      "resolved": "https://registry.npmjs.org/has-symbols/-/has-symbols-1.0.3.tgz",
      "integrity": "sha512-l3LCuF6MgDNwTDKkdYGEihYjt5pRPbEg46rtlmnSPlUbgmB8LOIrKJbYYFBSbnPaJexMKtiPO8hmeRjRz2Td+A=="
    },
    "has-tostringtag": {
      "version": "1.0.0",
      "resolved": "https://registry.npmjs.org/has-tostringtag/-/has-tostringtag-1.0.0.tgz",
      "integrity": "sha512-kFjcSNhnlGV1kyoGk7OXKSawH5JOb/LzUc5w9B02hOTO0dfFRjbHQKvg1d6cf3HbeUmtU9VbbV3qzZ2Teh97WQ==",
      "requires": {
        "has-symbols": "^1.0.2"
      }
    },
    "ieee754": {
      "version": "1.1.13",
      "resolved": "https://registry.npmjs.org/ieee754/-/ieee754-1.1.13.tgz",
      "integrity": "sha512-4vf7I2LYV/HaWerSo3XmlMkp5eZ83i+/CDluXi/IGTs/O1sejBNhTtnxzmRZfvOUqj7lZjqHkeTvpgSFDlWZTg=="
    },
    "inherits": {
      "version": "2.0.4",
      "resolved": "https://registry.npmjs.org/inherits/-/inherits-2.0.4.tgz",
      "integrity": "sha512-k/vGaX4/Yla3WzyMCvTQOXYeIHvqOKtnqBduzTHpzpQZzAskKMhZ2K+EnBiSM9zGSoIFeMpXKxa4dYeZIQqewQ=="
    },
    "is-arguments": {
      "version": "1.1.1",
      "resolved": "https://registry.npmjs.org/is-arguments/-/is-arguments-1.1.1.tgz",
      "integrity": "sha512-8Q7EARjzEnKpt/PCD7e1cgUS0a6X8u5tdSiMqXhojOdoV9TsMsiO+9VLC5vAmO8N7/GmXn7yjR8qnA6bVAEzfA==",
      "requires": {
        "call-bind": "^1.0.2",
        "has-tostringtag": "^1.0.0"
      }
    },
    "is-callable": {
      "version": "1.2.7",
      "resolved": "https://registry.npmjs.org/is-callable/-/is-callable-1.2.7.tgz",
      "integrity": "sha512-1BC0BVFhS/p0qtw6enp8e+8OD0UrK0oFLztSjNzhcKA3WDuJxxAPXzPuPtKkjEY9UUoEWlX/8fgKeu2S8i9JTA=="
    },
    "is-generator-function": {
      "version": "1.0.10",
      "resolved": "https://registry.npmjs.org/is-generator-function/-/is-generator-function-1.0.10.tgz",
      "integrity": "sha512-jsEjy9l3yiXEQ+PsXdmBwEPcOxaXWLspKdplFUVI9vq1iZgIekeC0L167qeu86czQaxed3q/Uzuw0swL0irL8A==",
      "requires": {
        "has-tostringtag": "^1.0.0"
      }
    },
    "is-typed-array": {
      "version": "1.1.10",
      "resolved": "https://registry.npmjs.org/is-typed-array/-/is-typed-array-1.1.10.tgz",
      "integrity": "sha512-PJqgEHiWZvMpaFZ3uTc8kHPM4+4ADTlDniuQL7cU/UDA0Ql7F70yGfHph3cLNe+c9toaigv+DFzTJKhc2CtO6A==",
      "requires": {
        "available-typed-arrays": "^1.0.5",
        "call-bind": "^1.0.2",
        "for-each": "^0.3.3",
        "gopd": "^1.0.1",
        "has-tostringtag": "^1.0.0"
      }
    },
    "isarray": {
      "version": "1.0.0",
      "resolved": "https://registry.npmjs.org/isarray/-/isarray-1.0.0.tgz",
      "integrity": "sha512-VLghIWNM6ELQzo7zwmcg0NmTVyWKYjvIeM83yjp0wRDTmUnrM678fQbcKBo6n2CJEF0szoG//ytg+TKla89ALQ=="
    },
    "jmespath": {
      "version": "0.16.0",
      "resolved": "https://registry.npmjs.org/jmespath/-/jmespath-0.16.0.tgz",
      "integrity": "sha512-9FzQjJ7MATs1tSpnco1K6ayiYE3figslrXA72G2HQ/n76RzvYlofyi5QM+iX4YRs/pu3yzxlVQSST23+dMDknw=="
    },
    "make-error": {
      "version": "1.3.5",
      "resolved": "https://registry.npmjs.org/make-error/-/make-error-1.3.5.tgz",
      "integrity": "sha512-c3sIjNUow0+8swNwVpqoH4YCShKNFkMaw6oH1mNS2haDZQqkeZFlHS3dhoeEbKKmJB4vXpJucU6oH75aDYeE9g==",
      "dev": true
    },
    "punycode": {
      "version": "1.3.2",
      "resolved": "https://registry.npmjs.org/punycode/-/punycode-1.3.2.tgz",
      "integrity": "sha512-RofWgt/7fL5wP1Y7fxE7/EmTLzQVnB0ycyibJ0OOHIlJqTNzglYFxVwETOcIoJqJmpDXJ9xImDv+Fq34F/d4Dw=="
    },
    "querystring": {
      "version": "0.2.0",
      "resolved": "https://registry.npmjs.org/querystring/-/querystring-0.2.0.tgz",
      "integrity": "sha512-X/xY82scca2tau62i9mDyU9K+I+djTMUsvwf7xnUX5GLvVzgJybOJf4Y6o9Zx3oJK/LSXg5tTZBjwzqVPaPO2g=="
    },
    "sax": {
      "version": "1.2.1",
      "resolved": "https://registry.npmjs.org/sax/-/sax-1.2.1.tgz",
      "integrity": "sha512-8I2a3LovHTOpm7NV5yOyO8IHqgVsfK4+UuySrXU8YXkSRX7k6hCV9b3HrkKCr3nMpgj+0bmocaJJWpvp1oc7ZA=="
    },
    "source-map": {
      "version": "0.6.1",
      "resolved": "https://registry.npmjs.org/source-map/-/source-map-0.6.1.tgz",
      "integrity": "sha512-UjgapumWlbMhkBgzT7Ykc5YXUT46F0iKu8SGXq0bcwP5dz/h0Plj6enJqjz1Zbq2l5WaqYnrVbwWOWMyF3F47g=="
    },
    "source-map-support": {
      "version": "0.5.16",
      "resolved": "https://registry.npmjs.org/source-map-support/-/source-map-support-0.5.16.tgz",
      "integrity": "sha512-efyLRJDr68D9hBBNIPWFjhpFzURh+KJykQwvMyW5UiZzYwoF6l4YMMDIJJEyFWxWCqfyxLzz6tSfUFR+kXXsVQ==",
      "requires": {
        "buffer-from": "^1.0.0",
        "source-map": "^0.6.0"
      }
    },
    "ts-node": {
      "version": "8.5.0",
      "resolved": "https://registry.npmjs.org/ts-node/-/ts-node-8.5.0.tgz",
      "integrity": "sha512-fbG32iZEupNV2E2Fd2m2yt1TdAwR3GTCrJQBHDevIiEBNy1A8kqnyl1fv7jmRmmbtcapFab2glZXHJvfD1ed0Q==",
      "dev": true,
      "requires": {
        "arg": "^4.1.0",
        "diff": "^4.0.1",
        "make-error": "^1.1.1",
        "source-map-support": "^0.5.6",
        "yn": "^3.0.0"
      }
    },
    "typescript": {
      "version": "3.9.10",
      "resolved": "https://registry.npmjs.org/typescript/-/typescript-3.9.10.tgz",
      "integrity": "sha512-w6fIxVE/H1PkLKcCPsFqKE7Kv7QUwhU8qQY2MueZXWx5cPZdwFupLgKK3vntcK98BtNHZtAF4LA/yl2a7k8R6Q==",
      "dev": true
    },
    "url": {
      "version": "0.10.3",
      "resolved": "https://registry.npmjs.org/url/-/url-0.10.3.tgz",
      "integrity": "sha512-hzSUW2q06EqL1gKM/a+obYHLIO6ct2hwPuviqTTOcfFVc61UbfJ2Q32+uGL/HCPxKqrdGB5QUwIe7UqlDgwsOQ==",
      "requires": {
        "punycode": "1.3.2",
        "querystring": "0.2.0"
      }
    },
    "util": {
      "version": "0.12.5",
      "resolved": "https://registry.npmjs.org/util/-/util-0.12.5.tgz",
      "integrity": "sha512-kZf/K6hEIrWHI6XqOFUiiMa+79wE/D8Q+NCNAWclkyg3b4d2k7s0QGepNjiABc+aR3N1PAyHL7p6UcLY6LmrnA==",
      "requires": {
        "inherits": "^2.0.3",
        "is-arguments": "^1.0.4",
        "is-generator-function": "^1.0.7",
        "is-typed-array": "^1.1.3",
        "which-typed-array": "^1.1.2"
      }
    },
    "uuid": {
      "version": "8.0.0",
      "resolved": "https://registry.npmjs.org/uuid/-/uuid-8.0.0.tgz",
      "integrity": "sha512-jOXGuXZAWdsTH7eZLtyXMqUb9EcWMGZNbL9YcGBJl4MH4nrxHmZJhEHvyLFrkxo+28uLb/NYRcStH48fnD0Vzw=="
    },
    "which-typed-array": {
      "version": "1.1.9",
      "resolved": "https://registry.npmjs.org/which-typed-array/-/which-typed-array-1.1.9.tgz",
      "integrity": "sha512-w9c4xkx6mPidwp7180ckYWfMmvxpjlZuIudNtDf4N/tTAUB8VJbX25qZoAsrtGuYNnGw3pa0AXgbGKRB8/EceA==",
      "requires": {
        "available-typed-arrays": "^1.0.5",
        "call-bind": "^1.0.2",
        "for-each": "^0.3.3",
        "gopd": "^1.0.1",
        "has-tostringtag": "^1.0.0",
        "is-typed-array": "^1.1.10"
      }
    },
    "xml2js": {
      "version": "0.4.19",
      "resolved": "https://registry.npmjs.org/xml2js/-/xml2js-0.4.19.tgz",
      "integrity": "sha512-esZnJZJOiJR9wWKMyuvSE1y6Dq5LCuJanqhxslH2bxM6duahNZ+HMpCLhBQGZkbX6xRf8x1Y2eJlgt2q3qo49Q==",
      "requires": {
        "sax": ">=0.6.0",
        "xmlbuilder": "~9.0.1"
      }
    },
    "xmlbuilder": {
      "version": "9.0.7",
      "resolved": "https://registry.npmjs.org/xmlbuilder/-/xmlbuilder-9.0.7.tgz",
      "integrity": "sha512-7YXTQc3P2l9+0rjaUbLwMKRhtmwg1M1eDf6nag7urC7pIPYLD9W/jmzQ4ptRSUbodw5S0jfoGTflLemQibSpeQ=="
    },
    "yn": {
      "version": "3.1.1",
      "resolved": "https://registry.npmjs.org/yn/-/yn-3.1.1.tgz",
      "integrity": "sha512-Ux4ygGWsu2c7isFWe8Yu1YluJmqVhxqK2cLXNQA5AcC3QfbGNpM7fu0Y8b/z16pXLnFxZYvWhd3fhBY9DLmC6Q==",
      "dev": true
    }
  }
}
